{
  "version": 4,
  "terraform_version": "1.5.7",
  "serial": 31,
  "lineage": "c7c34f2a-648e-9b31-a733-46416de5cbfb",
  "outputs": {
    "subnet_ip_range": {
      "value": "10.0.0.0/24",
      "type": "string"
    },
    "vpc_name": {
      "value": "secure-vpc-network",
      "type": "string"
    }
  },
  "resources": [
    {
      "mode": "managed",
      "type": "google_compute_firewall",
      "name": "allow_ssh",
      "provider": "provider[\"registry.terraform.io/hashicorp/google\"]",
      "instances": [
        {
          "schema_version": 1,
          "attributes": {
            "allow": [
              {
                "ports": [
                  "22"
                ],
                "protocol": "tcp"
              }
            ],
            "creation_timestamp": "2025-04-06T08:49:31.741-07:00",
            "deny": [],
            "description": "",
            "destination_ranges": [],
            "direction": "INGRESS",
            "disabled": false,
            "enable_logging": null,
            "id": "projects/secure-gcp-env/global/firewalls/allow-ssh",
            "log_config": [],
            "name": "allow-ssh",
            "network": "https://www.googleapis.com/compute/v1/projects/secure-gcp-env/global/networks/secure-vpc-network",
            "priority": 1000,
            "project": "secure-gcp-env",
            "self_link": "https://www.googleapis.com/compute/v1/projects/secure-gcp-env/global/firewalls/allow-ssh",
            "source_ranges": [
              "0.0.0.0/0"
            ],
            "source_service_accounts": [],
            "source_tags": [],
            "target_service_accounts": [],
            "target_tags": [],
            "timeouts": null
          },
          "sensitive_attributes": [],
          "private": "eyJlMmJmYjczMC1lY2FhLTExZTYtOGY4OC0zNDM2M2JjN2M0YzAiOnsiY3JlYXRlIjoxMjAwMDAwMDAwMDAwLCJkZWxldGUiOjEyMDAwMDAwMDAwMDAsInVwZGF0ZSI6MTIwMDAwMDAwMDAwMH0sInNjaGVtYV92ZXJzaW9uIjoiMSJ9",
          "dependencies": [
            "module.network.google_compute_network.vpc_network"
          ]
        }
      ]
    },
    {
      "mode": "managed",
      "type": "google_compute_network",
      "name": "vpc_network",
      "provider": "provider[\"registry.terraform.io/hashicorp/google\"]",
      "instances": [
        {
          "schema_version": 0,
          "attributes": {
            "auto_create_subnetworks": false,
            "bgp_always_compare_med": false,
            "bgp_best_path_selection_mode": "LEGACY",
            "bgp_inter_region_cost": "",
            "delete_default_routes_on_create": false,
            "description": "",
            "enable_ula_internal_ipv6": false,
            "gateway_ipv4": "",
            "id": "projects/secure-gcp-env/global/networks/secure-vpc-network",
            "internal_ipv6_range": "",
            "mtu": 0,
            "name": "secure-vpc-network",
            "network_firewall_policy_enforcement_order": "AFTER_CLASSIC_FIREWALL",
            "network_id": "7482158183241161839",
            "network_profile": "",
            "numeric_id": "7482158183241161839",
            "project": "secure-gcp-env",
            "routing_mode": "REGIONAL",
            "self_link": "https://www.googleapis.com/compute/v1/projects/secure-gcp-env/global/networks/secure-vpc-network",
            "timeouts": null
          },
          "sensitive_attributes": [],
          "private": "eyJlMmJmYjczMC1lY2FhLTExZTYtOGY4OC0zNDM2M2JjN2M0YzAiOnsiY3JlYXRlIjoxMjAwMDAwMDAwMDAwLCJkZWxldGUiOjEyMDAwMDAwMDAwMDAsInVwZGF0ZSI6MTIwMDAwMDAwMDAwMH19"
        }
      ]
    },
    {
      "module": "module.compute",
      "mode": "managed",
      "type": "google_compute_instance",
      "name": "bastion_host",
      "provider": "provider[\"registry.terraform.io/hashicorp/google\"]",
      "instances": []
    },
    {
      "module": "module.compute",
      "mode": "managed",
      "type": "google_compute_instance",
      "name": "private_vm",
      "provider": "provider[\"registry.terraform.io/hashicorp/google\"]",
      "instances": []
    },
    {
      "module": "module.iam",
      "mode": "data",
      "type": "google_service_account",
      "name": "terraform_admin",
      "provider": "provider[\"registry.terraform.io/hashicorp/google\"]",
      "instances": [
        {
          "schema_version": 0,
          "attributes": {
            "account_id": "terraform-admin",
            "disabled": false,
            "display_name": "Terraform Admin",
            "email": "terraform-admin@secure-gcp-env.iam.gserviceaccount.com",
            "id": "projects/secure-gcp-env/serviceAccounts/terraform-admin@secure-gcp-env.iam.gserviceaccount.com",
            "member": "serviceAccount:terraform-admin@secure-gcp-env.iam.gserviceaccount.com",
            "name": "projects/secure-gcp-env/serviceAccounts/terraform-admin@secure-gcp-env.iam.gserviceaccount.com",
            "project": "secure-gcp-env",
            "unique_id": "108453464028511814632"
          },
          "sensitive_attributes": []
        }
      ]
    },
    {
      "module": "module.iam",
      "mode": "managed",
      "type": "google_project_iam_binding",
      "name": "add_security_admin",
      "provider": "provider[\"registry.terraform.io/hashicorp/google\"]",
      "instances": [
        {
          "schema_version": 0,
          "attributes": {
            "condition": [],
            "etag": "BwYyLG4/lzA=",
            "id": "secure-gcp-env/roles/iam.securityAdmin",
            "members": [
              "serviceAccount:terraform-admin@secure-gcp-env.iam.gserviceaccount.com"
            ],
            "project": "secure-gcp-env",
            "role": "roles/iam.securityAdmin"
          },
          "sensitive_attributes": [],
          "private": "bnVsbA==",
          "dependencies": [
            "module.iam.data.google_service_account.terraform_admin"
          ]
        }
      ]
    },
    {
      "module": "module.iam",
      "mode": "managed",
      "type": "google_project_iam_member",
      "name": "iam_member",
      "provider": "provider[\"registry.terraform.io/hashicorp/google\"]",
      "instances": [
        {
          "schema_version": 0,
          "attributes": {
            "condition": [],
            "etag": "BwYyLG4/lzA=",
            "id": "secure-gcp-env/roles/owner/serviceAccount:terraform-admin@secure-gcp-env.iam.gserviceaccount.com",
            "member": "serviceAccount:terraform-admin@secure-gcp-env.iam.gserviceaccount.com",
            "project": "secure-gcp-env",
            "role": "roles/owner"
          },
          "sensitive_attributes": [],
          "private": "bnVsbA==",
          "dependencies": [
            "module.iam.data.google_service_account.terraform_admin"
          ]
        }
      ]
    },
    {
      "module": "module.network",
      "mode": "managed",
      "type": "google_compute_router",
      "name": "nat_router",
      "provider": "provider[\"registry.terraform.io/hashicorp/google\"]",
      "instances": []
    },
    {
      "module": "module.network",
      "mode": "managed",
      "type": "google_compute_router_nat",
      "name": "cloud_nat",
      "provider": "provider[\"registry.terraform.io/hashicorp/google\"]",
      "instances": []
    },
    {
      "module": "module.network",
      "mode": "managed",
      "type": "google_compute_subnetwork",
      "name": "secure_subnet",
      "provider": "provider[\"registry.terraform.io/hashicorp/google\"]",
      "instances": []
    },
    {
      "module": "module.network",
      "mode": "managed",
      "type": "google_compute_subnetwork",
      "name": "subnet_private",
      "provider": "provider[\"registry.terraform.io/hashicorp/google\"]",
      "instances": []
    },
    {
      "module": "module.network",
      "mode": "managed",
      "type": "google_compute_subnetwork",
      "name": "subnet_public",
      "provider": "provider[\"registry.terraform.io/hashicorp/google\"]",
      "instances": []
    }
  ],
  "check_results": null
}
